
Microsoft Visual Studio Solution File, Format Version 12.00
# Visual Studio 2013
VisualStudioVersion = 12.0.21005.1
MinimumVisualStudioVersion = 10.0.40219.1
Project("{FAE04EC0-301F-11D3-BF4B-00C04F79EFBC}") = "Server", "Server\Server.csproj", "{FBEAC064-E1F5-4FF0-88D1-2017502A2440}"
	ProjectSection(ProjectDependencies) = postProject
		{B88474C7-9434-452B-9D56-66791F57FA28} = {B88474C7-9434-452B-9D56-66791F57FA28}
	EndProjectSection
EndProject
Project("{FAE04EC0-301F-11D3-BF4B-00C04F79EFBC}") = "ServerTests", "ServerTests\ServerTests.csproj", "{76F60826-5F84-4803-B5D6-3BA25938C523}"
	ProjectSection(ProjectDependencies) = postProject
		{B88474C7-9434-452B-9D56-66791F57FA28} = {B88474C7-9434-452B-9D56-66791F57FA28}
	EndProjectSection
EndProject
Project("{FAE04EC0-301F-11D3-BF4B-00C04F79EFBC}") = "Client", "Client\Client.csproj", "{C2571121-C0C0-459A-B9A6-50292A726394}"
	ProjectSection(ProjectDependencies) = postProject
		{B88474C7-9434-452B-9D56-66791F57FA28} = {B88474C7-9434-452B-9D56-66791F57FA28}
	EndProjectSection
EndProject
Project("{FAE04EC0-301F-11D3-BF4B-00C04F79EFBC}") = "SharedLibrary", "SharedLibrary\SharedLibrary.csproj", "{B88474C7-9434-452B-9D56-66791F57FA28}"
EndProject
Global
	GlobalSection(SolutionConfigurationPlatforms) = preSolution
		Debug|Any CPU = Debug|Any CPU
		Release|Any CPU = Release|Any CPU
	EndGlobalSection
	GlobalSection(ProjectConfigurationPlatforms) = postSolution
		{FBEAC064-E1F5-4FF0-88D1-2017502A2440}.Debug|Any CPU.ActiveCfg = Debug|Any CPU
		{FBEAC064-E1F5-4FF0-88D1-2017502A2440}.Debug|Any CPU.Build.0 = Debug|Any CPU
		{FBEAC064-E1F5-4FF0-88D1-2017502A2440}.Release|Any CPU.ActiveCfg = Release|Any CPU
		{FBEAC064-E1F5-4FF0-88D1-2017502A2440}.Release|Any CPU.Build.0 = Release|Any CPU
		{76F60826-5F84-4803-B5D6-3BA25938C523}.Debug|Any CPU.ActiveCfg = Debug|Any CPU
		{76F60826-5F84-4803-B5D6-3BA25938C523}.Debug|Any CPU.Build.0 = Debug|Any CPU
		{76F60826-5F84-4803-B5D6-3BA25938C523}.Release|Any CPU.ActiveCfg = Release|Any CPU
		{76F60826-5F84-4803-B5D6-3BA25938C523}.Release|Any CPU.Build.0 = Release|Any CPU
		{C2571121-C0C0-459A-B9A6-50292A726394}.Debug|Any CPU.ActiveCfg = Debug|Any CPU
		{C2571121-C0C0-459A-B9A6-50292A726394}.Debug|Any CPU.Build.0 = Debug|Any CPU
		{C2571121-C0C0-459A-B9A6-50292A726394}.Release|Any CPU.ActiveCfg = Release|Any CPU
		{C2571121-C0C0-459A-B9A6-50292A726394}.Release|Any CPU.Build.0 = Release|Any CPU
		{B88474C7-9434-452B-9D56-66791F57FA28}.Debug|Any CPU.ActiveCfg = Debug|Any CPU
		{B88474C7-9434-452B-9D56-66791F57FA28}.Debug|Any CPU.Build.0 = Debug|Any CPU
		{B88474C7-9434-452B-9D56-66791F57FA28}.Release|Any CPU.ActiveCfg = Release|Any CPU
		{B88474C7-9434-452B-9D56-66791F57FA28}.Release|Any CPU.Build.0 = Release|Any CPU
	EndGlobalSection
	GlobalSection(SolutionProperties) = preSolution
		HideSolutionNode = FALSE
	EndGlobalSection
EndGlobal
